
Microsoft Visual Studio Solution File, Format Version 12.00
# Visual Studio Version 16
VisualStudioVersion = 16.0.33927.289
MinimumVisualStudioVersion = 10.0.40219.1
Project("{FAE04EC0-301F-11D3-BF4B-00C04F79EFBC}") = "RecruitCatBechmana", "RecruitCatBechmana\RecruitCatBechmana.csproj", "{26A8344F-A307-4455-914B-38A201DC8FEF}"
EndProject
Global
	GlobalSection(SolutionConfigurationPlatforms) = preSolution
		Debug|Any CPU = Debug|Any CPU
		Release|Any CPU = Release|Any CPU
	EndGlobalSection
	GlobalSection(ProjectConfigurationPlatforms) = postSolution
		{26A8344F-A307-4455-914B-38A201DC8FEF}.Debug|Any CPU.ActiveCfg = Debug|Any CPU
		{26A8344F-A307-4455-914B-38A201DC8FEF}.Debug|Any CPU.Build.0 = Debug|Any CPU
		{26A8344F-A307-4455-914B-38A201DC8FEF}.Release|Any CPU.ActiveCfg = Release|Any CPU
		{26A8344F-A307-4455-914B-38A201DC8FEF}.Release|Any CPU.Build.0 = Release|Any CPU
	EndGlobalSection
	GlobalSection(SolutionProperties) = preSolution
		HideSolutionNode = FALSE
	EndGlobalSection
	GlobalSection(ExtensibilityGlobals) = postSolution
		SolutionGuid = {D63F02EA-2279-42EE-9D0A-C349A8E50420}
	EndGlobalSection
EndGlobal
